<?xml version="1.0" encoding="utf-8"?>
<Project ToolsVersion="4.0" xmlns="http://schemas.microsoft.com/developer/msbuild/2003">
  <ItemGroup>
    <Filter Include="Source Files">
      <UniqueIdentifier>{4FC737F1-C7A5-4376-A066-2A32D752A2FF}</UniqueIdentifier>
      <Extensions>cpp;c;cc;cxx;def;odl;idl;hpj;bat;asm;asmx</Extensions>
    </Filter>
    <Filter Include="Header Files">
      <UniqueIdentifier>{93995380-89BD-4b04-88EB-625FBE52EBFB}</UniqueIdentifier>
      <Extensions>h;hh;hpp;hxx;hm;inl;inc;xsd</Extensions>
    </Filter>
    <Filter Include="Resource Files">
      <UniqueIdentifier>{67DA6AB6-F800-4c08-8B7A-83BB121AAD01}</UniqueIdentifier>
      <Extensions>rc;ico;cur;bmp;dlg;rc2;rct;bin;rgs;gif;jpg;jpeg;jpe;resx;tiff;tif;png;wav;mfcribbon-ms</Extensions>
    </Filter>
    <Filter Include="Header Files\Game Rooms">
      <UniqueIdentifier>{b8aae1fd-f7b6-4752-8624-5ec4fe59d784}</UniqueIdentifier>
    </Filter>
    <Filter Include="Source Files\Game Rooms">
      <UniqueIdentifier>{edc76281-b394-4013-ab21-8fa17030fc1b}</UniqueIdentifier>
    </Filter>
    <Filter Include="Header Files\Objects">
      <UniqueIdentifier>{02569062-b45c-4c4b-855a-be6e21da6049}</UniqueIdentifier>
    </Filter>
    <Filter Include="Source Files\Objects">
      <UniqueIdentifier>{ac63707d-9f0b-489c-8a74-1355d8b8d99f}</UniqueIdentifier>
    </Filter>
  </ItemGroup>
  <ItemGroup>
    <ClInclude Include="SFMLGame.h">
      <Filter>Header Files</Filter>
    </ClInclude>
    <ClInclude Include="SFMLRoom.h">
      <Filter>Header Files</Filter>
    </ClInclude>
    <ClInclude Include="stdafx.h">
      <Filter>Header Files</Filter>
    </ClInclude>
    <ClInclude Include="targetver.h">
      <Filter>Header Files</Filter>
    </ClInclude>
    <ClInclude Include="ResourceManager.h">
      <Filter>Header Files</Filter>
    </ClInclude>
    <ClInclude Include="SFMLKeyboard.h">
      <Filter>Header Files</Filter>
    </ClInclude>
    <ClInclude Include="SFMLMouse.h">
      <Filter>Header Files</Filter>
    </ClInclude>
    <ClInclude Include="SFMLFont.h">
      <Filter>Header Files</Filter>
    </ClInclude>
    <ClInclude Include="MainMenuRoom.h">
      <Filter>Header Files\Game Rooms</Filter>
    </ClInclude>
    <ClInclude Include="QuadTree.h">
      <Filter>Header Files</Filter>
    </ClInclude>
    <ClInclude Include="TestBox.h">
      <Filter>Header Files</Filter>
    </ClInclude>
    <ClInclude Include="Level01Room.h">
      <Filter>Header Files\Game Rooms</Filter>
    </ClInclude>
    <ClInclude Include="Level02Room.h">
      <Filter>Header Files\Game Rooms</Filter>
    </ClInclude>
    <ClInclude Include="Level03Room.h">
      <Filter>Header Files\Game Rooms</Filter>
    </ClInclude>
    <ClInclude Include="SFMLBox.h">
      <Filter>Header Files\Objects</Filter>
    </ClInclude>
    <ClInclude Include="SFMLWall.h">
      <Filter>Header Files\Objects</Filter>
    </ClInclude>
    <ClInclude Include="Solid.h">
      <Filter>Header Files\Objects</Filter>
    </ClInclude>
    <ClInclude Include="SFMLGameObject.h">
      <Filter>Header Files\Objects</Filter>
    </ClInclude>
    <ClInclude Include="goal.h">
      <Filter>Header Files\Objects</Filter>
    </ClInclude>
    <ClInclude Include="Player.h">
      <Filter>Header Files\Objects</Filter>
    </ClInclude>
    <ClInclude Include="SFMLButton.h">
      <Filter>Header Files\Objects</Filter>
    </ClInclude>
    <ClInclude Include="GoalChecker.h">
      <Filter>Header Files\Objects</Filter>
    </ClInclude>
  </ItemGroup>
  <ItemGroup>
    <ClCompile Include="main.cpp">
      <Filter>Source Files</Filter>
    </ClCompile>
    <ClCompile Include="SFMLGame.cpp">
      <Filter>Source Files</Filter>
    </ClCompile>
    <ClCompile Include="SFMLRoom.cpp">
      <Filter>Source Files</Filter>
    </ClCompile>
    <ClCompile Include="stdafx.cpp">
      <Filter>Source Files</Filter>
    </ClCompile>
    <ClCompile Include="ResourceManager.cpp">
      <Filter>Source Files</Filter>
    </ClCompile>
    <ClCompile Include="SFMLKeyboard.cpp">
      <Filter>Source Files</Filter>
    </ClCompile>
    <ClCompile Include="SFMLMouse.cpp">
      <Filter>Source Files</Filter>
    </ClCompile>
    <ClCompile Include="SFMLFont.cpp">
      <Filter>Source Files</Filter>
    </ClCompile>
    <ClCompile Include="MainMenuRoom.cpp">
      <Filter>Source Files\Game Rooms</Filter>
    </ClCompile>
    <ClCompile Include="QuadTree.cpp">
      <Filter>Source Files</Filter>
    </ClCompile>
    <ClCompile Include="TestBox.cpp">
      <Filter>Source Files</Filter>
    </ClCompile>
    <ClCompile Include="Level01Room.cpp">
      <Filter>Source Files\Game Rooms</Filter>
    </ClCompile>
    <ClCompile Include="Level02Room.cpp">
      <Filter>Source Files\Game Rooms</Filter>
    </ClCompile>
    <ClCompile Include="Level03Room.cpp">
      <Filter>Source Files\Game Rooms</Filter>
    </ClCompile>
    <ClCompile Include="SFMLGameObject.cpp">
      <Filter>Source Files\Objects</Filter>
    </ClCompile>
    <ClCompile Include="SFMLBox.cpp">
      <Filter>Source Files\Objects</Filter>
    </ClCompile>
    <ClCompile Include="SFMLWall.cpp">
      <Filter>Source Files\Objects</Filter>
    </ClCompile>
    <ClCompile Include="Solid.cpp">
      <Filter>Source Files\Objects</Filter>
    </ClCompile>
    <ClCompile Include="goal.cpp">
      <Filter>Source Files\Objects</Filter>
    </ClCompile>
    <ClCompile Include="Player.cpp">
      <Filter>Source Files\Objects</Filter>
    </ClCompile>
    <ClCompile Include="SFMLButton.cpp">
      <Filter>Source Files\Objects</Filter>
    </ClCompile>
    <ClCompile Include="GoalChecker.cpp">
      <Filter>Source Files\Objects</Filter>
    </ClCompile>
  </ItemGroup>
</Project>